
Microsoft Visual Studio Solution File, Format Version 12.00
# Visual Studio Version 17
VisualStudioVersion = 17.4.33403.182
MinimumVisualStudioVersion = 10.0.40219.1
Project("{FAE04EC0-301F-11D3-BF4B-00C04F79EFBC}") = "Task2_Forms", "Task2_Forms\Task2_Forms.csproj", "{C963DEDE-138A-4B8B-9861-1524B00CB069}"
EndProject
Project("{FAE04EC0-301F-11D3-BF4B-00C04F79EFBC}") = "Task3_Forms", "Task3_Forms\Task3_Forms.csproj", "{F9CA8ACE-E59C-4493-B98B-065FE4A93BFB}"
EndProject
Project("{8BC9CEB8-8B4A-11D0-8D11-00A0C91BC942}") = "TaskConsole1", "TaskConsole1\TaskConsole1.vcxproj", "{DB631F20-E5C6-480A-8A59-D6FD43CDB9D8}"
EndProject
Project("{8BC9CEB8-8B4A-11D0-8D11-00A0C91BC942}") = "TaskConsole7", "TaskConsole7\TaskConsole7.vcxproj", "{37DCC73C-A2E9-4F96-A1BC-3775923A6391}"
EndProject
Project("{8BC9CEB8-8B4A-11D0-8D11-00A0C91BC942}") = "TaskConsole10CLR", "TaskConsole10CLR\TaskConsole10CLR.vcxproj", "{0D4F479F-5653-42B0-8F82-49486F5DC9A9}"
EndProject
Project("{8BC9CEB8-8B4A-11D0-8D11-00A0C91BC942}") = "TaskConsole14CLR", "TaskConsole14CLR\TaskConsole14CLR.vcxproj", "{751982FD-0E37-4CC7-8C57-5ABFAFD69C5F}"
EndProject
Project("{8BC9CEB8-8B4A-11D0-8D11-00A0C91BC942}") = "TaskConsole15", "TaskConsole15\TaskConsole15.vcxproj", "{D7385480-D3DF-4080-8295-270D9AF4ED0E}"
EndProject
Project("{8BC9CEB8-8B4A-11D0-8D11-00A0C91BC942}") = "TaskConsoleCLR20", "TaskConsoleCLR20\TaskConsoleCLR20.vcxproj", "{EC032771-00FC-4511-A1BF-8FF560492DB3}"
EndProject
Project("{FAE04EC0-301F-11D3-BF4B-00C04F79EFBC}") = "Tsak5_Form", "Tsak5_Form\Tsak5_Form.csproj", "{32A69F18-8DB7-493D-870A-0FD3161F599A}"
EndProject
Project("{8BC9CEB8-8B4A-11D0-8D11-00A0C91BC942}") = "TaskConsole7CLR", "TaskConsole7CLR\TaskConsole7CLR.vcxproj", "{FC2D015A-D72A-4B1B-A8FD-891A5D4B93E0}"
EndProject
Project("{FAE04EC0-301F-11D3-BF4B-00C04F79EFBC}") = "Task6_XAML", "TaskGUI6\Task6_XAML.csproj", "{FB0186F5-2417-43C8-BF01-8C1B9113E70D}"
EndProject
Project("{FAE04EC0-301F-11D3-BF4B-00C04F79EFBC}") = "Task11_Form", "Task11_Form\Task11_Form.csproj", "{A6FA6214-ECE1-47D0-8D1D-DAECF83EFF52}"
EndProject
Project("{FAE04EC0-301F-11D3-BF4B-00C04F79EFBC}") = "Task17_WPF", "Task17_WPF\Task17_WPF.csproj", "{2B25EBB8-D40B-47A3-B8CB-B4F93D248541}"
EndProject
Global
	GlobalSection(SolutionConfigurationPlatforms) = preSolution
		Debug|Any CPU = Debug|Any CPU
		Debug|x64 = Debug|x64
		Debug|x86 = Debug|x86
		Release|Any CPU = Release|Any CPU
		Release|x64 = Release|x64
		Release|x86 = Release|x86
	EndGlobalSection
	GlobalSection(ProjectConfigurationPlatforms) = postSolution
		{C963DEDE-138A-4B8B-9861-1524B00CB069}.Debug|Any CPU.ActiveCfg = Debug|Any CPU
		{C963DEDE-138A-4B8B-9861-1524B00CB069}.Debug|Any CPU.Build.0 = Debug|Any CPU
		{C963DEDE-138A-4B8B-9861-1524B00CB069}.Debug|x64.ActiveCfg = Debug|Any CPU
		{C963DEDE-138A-4B8B-9861-1524B00CB069}.Debug|x64.Build.0 = Debug|Any CPU
		{C963DEDE-138A-4B8B-9861-1524B00CB069}.Debug|x86.ActiveCfg = Debug|Any CPU
		{C963DEDE-138A-4B8B-9861-1524B00CB069}.Debug|x86.Build.0 = Debug|Any CPU
		{C963DEDE-138A-4B8B-9861-1524B00CB069}.Release|Any CPU.ActiveCfg = Release|Any CPU
		{C963DEDE-138A-4B8B-9861-1524B00CB069}.Release|Any CPU.Build.0 = Release|Any CPU
		{C963DEDE-138A-4B8B-9861-1524B00CB069}.Release|x64.ActiveCfg = Release|Any CPU
		{C963DEDE-138A-4B8B-9861-1524B00CB069}.Release|x64.Build.0 = Release|Any CPU
		{C963DEDE-138A-4B8B-9861-1524B00CB069}.Release|x86.ActiveCfg = Release|Any CPU
		{C963DEDE-138A-4B8B-9861-1524B00CB069}.Release|x86.Build.0 = Release|Any CPU
		{F9CA8ACE-E59C-4493-B98B-065FE4A93BFB}.Debug|Any CPU.ActiveCfg = Debug|Any CPU
		{F9CA8ACE-E59C-4493-B98B-065FE4A93BFB}.Debug|Any CPU.Build.0 = Debug|Any CPU
		{F9CA8ACE-E59C-4493-B98B-065FE4A93BFB}.Debug|x64.ActiveCfg = Debug|Any CPU
		{F9CA8ACE-E59C-4493-B98B-065FE4A93BFB}.Debug|x64.Build.0 = Debug|Any CPU
		{F9CA8ACE-E59C-4493-B98B-065FE4A93BFB}.Debug|x86.ActiveCfg = Debug|Any CPU
		{F9CA8ACE-E59C-4493-B98B-065FE4A93BFB}.Debug|x86.Build.0 = Debug|Any CPU
		{F9CA8ACE-E59C-4493-B98B-065FE4A93BFB}.Release|Any CPU.ActiveCfg = Release|Any CPU
		{F9CA8ACE-E59C-4493-B98B-065FE4A93BFB}.Release|Any CPU.Build.0 = Release|Any CPU
		{F9CA8ACE-E59C-4493-B98B-065FE4A93BFB}.Release|x64.ActiveCfg = Release|Any CPU
		{F9CA8ACE-E59C-4493-B98B-065FE4A93BFB}.Release|x64.Build.0 = Release|Any CPU
		{F9CA8ACE-E59C-4493-B98B-065FE4A93BFB}.Release|x86.ActiveCfg = Release|Any CPU
		{F9CA8ACE-E59C-4493-B98B-065FE4A93BFB}.Release|x86.Build.0 = Release|Any CPU
		{DB631F20-E5C6-480A-8A59-D6FD43CDB9D8}.Debug|Any CPU.ActiveCfg = Debug|x64
		{DB631F20-E5C6-480A-8A59-D6FD43CDB9D8}.Debug|Any CPU.Build.0 = Debug|x64
		{DB631F20-E5C6-480A-8A59-D6FD43CDB9D8}.Debug|x64.ActiveCfg = Debug|x64
		{DB631F20-E5C6-480A-8A59-D6FD43CDB9D8}.Debug|x64.Build.0 = Debug|x64
		{DB631F20-E5C6-480A-8A59-D6FD43CDB9D8}.Debug|x86.ActiveCfg = Debug|Win32
		{DB631F20-E5C6-480A-8A59-D6FD43CDB9D8}.Debug|x86.Build.0 = Debug|Win32
		{DB631F20-E5C6-480A-8A59-D6FD43CDB9D8}.Release|Any CPU.ActiveCfg = Release|x64
		{DB631F20-E5C6-480A-8A59-D6FD43CDB9D8}.Release|Any CPU.Build.0 = Release|x64
		{DB631F20-E5C6-480A-8A59-D6FD43CDB9D8}.Release|x64.ActiveCfg = Release|x64
		{DB631F20-E5C6-480A-8A59-D6FD43CDB9D8}.Release|x64.Build.0 = Release|x64
		{DB631F20-E5C6-480A-8A59-D6FD43CDB9D8}.Release|x86.ActiveCfg = Release|Win32
		{DB631F20-E5C6-480A-8A59-D6FD43CDB9D8}.Release|x86.Build.0 = Release|Win32
		{37DCC73C-A2E9-4F96-A1BC-3775923A6391}.Debug|Any CPU.ActiveCfg = Debug|x64
		{37DCC73C-A2E9-4F96-A1BC-3775923A6391}.Debug|Any CPU.Build.0 = Debug|x64
		{37DCC73C-A2E9-4F96-A1BC-3775923A6391}.Debug|x64.ActiveCfg = Debug|x64
		{37DCC73C-A2E9-4F96-A1BC-3775923A6391}.Debug|x64.Build.0 = Debug|x64
		{37DCC73C-A2E9-4F96-A1BC-3775923A6391}.Debug|x86.ActiveCfg = Debug|Win32
		{37DCC73C-A2E9-4F96-A1BC-3775923A6391}.Debug|x86.Build.0 = Debug|Win32
		{37DCC73C-A2E9-4F96-A1BC-3775923A6391}.Release|Any CPU.ActiveCfg = Release|x64
		{37DCC73C-A2E9-4F96-A1BC-3775923A6391}.Release|Any CPU.Build.0 = Release|x64
		{37DCC73C-A2E9-4F96-A1BC-3775923A6391}.Release|x64.ActiveCfg = Release|x64
		{37DCC73C-A2E9-4F96-A1BC-3775923A6391}.Release|x64.Build.0 = Release|x64
		{37DCC73C-A2E9-4F96-A1BC-3775923A6391}.Release|x86.ActiveCfg = Release|Win32
		{37DCC73C-A2E9-4F96-A1BC-3775923A6391}.Release|x86.Build.0 = Release|Win32
		{0D4F479F-5653-42B0-8F82-49486F5DC9A9}.Debug|Any CPU.ActiveCfg = Debug|x64
		{0D4F479F-5653-42B0-8F82-49486F5DC9A9}.Debug|Any CPU.Build.0 = Debug|x64
		{0D4F479F-5653-42B0-8F82-49486F5DC9A9}.Debug|x64.ActiveCfg = Debug|x64
		{0D4F479F-5653-42B0-8F82-49486F5DC9A9}.Debug|x64.Build.0 = Debug|x64
		{0D4F479F-5653-42B0-8F82-49486F5DC9A9}.Debug|x86.ActiveCfg = Debug|Win32
		{0D4F479F-5653-42B0-8F82-49486F5DC9A9}.Debug|x86.Build.0 = Debug|Win32
		{0D4F479F-5653-42B0-8F82-49486F5DC9A9}.Release|Any CPU.ActiveCfg = Release|x64
		{0D4F479F-5653-42B0-8F82-49486F5DC9A9}.Release|Any CPU.Build.0 = Release|x64
		{0D4F479F-5653-42B0-8F82-49486F5DC9A9}.Release|x64.ActiveCfg = Release|x64
		{0D4F479F-5653-42B0-8F82-49486F5DC9A9}.Release|x64.Build.0 = Release|x64
		{0D4F479F-5653-42B0-8F82-49486F5DC9A9}.Release|x86.ActiveCfg = Release|Win32
		{0D4F479F-5653-42B0-8F82-49486F5DC9A9}.Release|x86.Build.0 = Release|Win32
		{751982FD-0E37-4CC7-8C57-5ABFAFD69C5F}.Debug|Any CPU.ActiveCfg = Debug|x64
		{751982FD-0E37-4CC7-8C57-5ABFAFD69C5F}.Debug|Any CPU.Build.0 = Debug|x64
		{751982FD-0E37-4CC7-8C57-5ABFAFD69C5F}.Debug|x64.ActiveCfg = Debug|x64
		{751982FD-0E37-4CC7-8C57-5ABFAFD69C5F}.Debug|x64.Build.0 = Debug|x64
		{751982FD-0E37-4CC7-8C57-5ABFAFD69C5F}.Debug|x86.ActiveCfg = Debug|Win32
		{751982FD-0E37-4CC7-8C57-5ABFAFD69C5F}.Debug|x86.Build.0 = Debug|Win32
		{751982FD-0E37-4CC7-8C57-5ABFAFD69C5F}.Release|Any CPU.ActiveCfg = Release|x64
		{751982FD-0E37-4CC7-8C57-5ABFAFD69C5F}.Release|Any CPU.Build.0 = Release|x64
		{751982FD-0E37-4CC7-8C57-5ABFAFD69C5F}.Release|x64.ActiveCfg = Release|x64
		{751982FD-0E37-4CC7-8C57-5ABFAFD69C5F}.Release|x64.Build.0 = Release|x64
		{751982FD-0E37-4CC7-8C57-5ABFAFD69C5F}.Release|x86.ActiveCfg = Release|Win32
		{751982FD-0E37-4CC7-8C57-5ABFAFD69C5F}.Release|x86.Build.0 = Release|Win32
		{D7385480-D3DF-4080-8295-270D9AF4ED0E}.Debug|Any CPU.ActiveCfg = Debug|x64
		{D7385480-D3DF-4080-8295-270D9AF4ED0E}.Debug|Any CPU.Build.0 = Debug|x64
		{D7385480-D3DF-4080-8295-270D9AF4ED0E}.Debug|x64.ActiveCfg = Debug|x64
		{D7385480-D3DF-4080-8295-270D9AF4ED0E}.Debug|x64.Build.0 = Debug|x64
		{D7385480-D3DF-4080-8295-270D9AF4ED0E}.Debug|x86.ActiveCfg = Debug|Win32
		{D7385480-D3DF-4080-8295-270D9AF4ED0E}.Debug|x86.Build.0 = Debug|Win32
		{D7385480-D3DF-4080-8295-270D9AF4ED0E}.Release|Any CPU.ActiveCfg = Release|x64
		{D7385480-D3DF-4080-8295-270D9AF4ED0E}.Release|Any CPU.Build.0 = Release|x64
		{D7385480-D3DF-4080-8295-270D9AF4ED0E}.Release|x64.ActiveCfg = Release|x64
		{D7385480-D3DF-4080-8295-270D9AF4ED0E}.Release|x64.Build.0 = Release|x64
		{D7385480-D3DF-4080-8295-270D9AF4ED0E}.Release|x86.ActiveCfg = Release|Win32
		{D7385480-D3DF-4080-8295-270D9AF4ED0E}.Release|x86.Build.0 = Release|Win32
		{EC032771-00FC-4511-A1BF-8FF560492DB3}.Debug|Any CPU.ActiveCfg = Debug|x64
		{EC032771-00FC-4511-A1BF-8FF560492DB3}.Debug|Any CPU.Build.0 = Debug|x64
		{EC032771-00FC-4511-A1BF-8FF560492DB3}.Debug|x64.ActiveCfg = Debug|x64
		{EC032771-00FC-4511-A1BF-8FF560492DB3}.Debug|x64.Build.0 = Debug|x64
		{EC032771-00FC-4511-A1BF-8FF560492DB3}.Debug|x86.ActiveCfg = Debug|Win32
		{EC032771-00FC-4511-A1BF-8FF560492DB3}.Debug|x86.Build.0 = Debug|Win32
		{EC032771-00FC-4511-A1BF-8FF560492DB3}.Release|Any CPU.ActiveCfg = Release|x64
		{EC032771-00FC-4511-A1BF-8FF560492DB3}.Release|Any CPU.Build.0 = Release|x64
		{EC032771-00FC-4511-A1BF-8FF560492DB3}.Release|x64.ActiveCfg = Release|x64
		{EC032771-00FC-4511-A1BF-8FF560492DB3}.Release|x64.Build.0 = Release|x64
		{EC032771-00FC-4511-A1BF-8FF560492DB3}.Release|x86.ActiveCfg = Release|Win32
		{EC032771-00FC-4511-A1BF-8FF560492DB3}.Release|x86.Build.0 = Release|Win32
		{32A69F18-8DB7-493D-870A-0FD3161F599A}.Debug|Any CPU.ActiveCfg = Debug|Any CPU
		{32A69F18-8DB7-493D-870A-0FD3161F599A}.Debug|Any CPU.Build.0 = Debug|Any CPU
		{32A69F18-8DB7-493D-870A-0FD3161F599A}.Debug|x64.ActiveCfg = Debug|Any CPU
		{32A69F18-8DB7-493D-870A-0FD3161F599A}.Debug|x64.Build.0 = Debug|Any CPU
		{32A69F18-8DB7-493D-870A-0FD3161F599A}.Debug|x86.ActiveCfg = Debug|Any CPU
		{32A69F18-8DB7-493D-870A-0FD3161F599A}.Debug|x86.Build.0 = Debug|Any CPU
		{32A69F18-8DB7-493D-870A-0FD3161F599A}.Release|Any CPU.ActiveCfg = Release|Any CPU
		{32A69F18-8DB7-493D-870A-0FD3161F599A}.Release|Any CPU.Build.0 = Release|Any CPU
		{32A69F18-8DB7-493D-870A-0FD3161F599A}.Release|x64.ActiveCfg = Release|Any CPU
		{32A69F18-8DB7-493D-870A-0FD3161F599A}.Release|x64.Build.0 = Release|Any CPU
		{32A69F18-8DB7-493D-870A-0FD3161F599A}.Release|x86.ActiveCfg = Release|Any CPU
		{32A69F18-8DB7-493D-870A-0FD3161F599A}.Release|x86.Build.0 = Release|Any CPU
		{FC2D015A-D72A-4B1B-A8FD-891A5D4B93E0}.Debug|Any CPU.ActiveCfg = Debug|x64
		{FC2D015A-D72A-4B1B-A8FD-891A5D4B93E0}.Debug|Any CPU.Build.0 = Debug|x64
		{FC2D015A-D72A-4B1B-A8FD-891A5D4B93E0}.Debug|x64.ActiveCfg = Debug|x64
		{FC2D015A-D72A-4B1B-A8FD-891A5D4B93E0}.Debug|x64.Build.0 = Debug|x64
		{FC2D015A-D72A-4B1B-A8FD-891A5D4B93E0}.Debug|x86.ActiveCfg = Debug|Win32
		{FC2D015A-D72A-4B1B-A8FD-891A5D4B93E0}.Debug|x86.Build.0 = Debug|Win32
		{FC2D015A-D72A-4B1B-A8FD-891A5D4B93E0}.Release|Any CPU.ActiveCfg = Release|x64
		{FC2D015A-D72A-4B1B-A8FD-891A5D4B93E0}.Release|Any CPU.Build.0 = Release|x64
		{FC2D015A-D72A-4B1B-A8FD-891A5D4B93E0}.Release|x64.ActiveCfg = Release|x64
		{FC2D015A-D72A-4B1B-A8FD-891A5D4B93E0}.Release|x64.Build.0 = Release|x64
		{FC2D015A-D72A-4B1B-A8FD-891A5D4B93E0}.Release|x86.ActiveCfg = Release|Win32
		{FC2D015A-D72A-4B1B-A8FD-891A5D4B93E0}.Release|x86.Build.0 = Release|Win32
		{FB0186F5-2417-43C8-BF01-8C1B9113E70D}.Debug|Any CPU.ActiveCfg = Debug|Any CPU
		{FB0186F5-2417-43C8-BF01-8C1B9113E70D}.Debug|Any CPU.Build.0 = Debug|Any CPU
		{FB0186F5-2417-43C8-BF01-8C1B9113E70D}.Debug|x64.ActiveCfg = Debug|Any CPU
		{FB0186F5-2417-43C8-BF01-8C1B9113E70D}.Debug|x64.Build.0 = Debug|Any CPU
		{FB0186F5-2417-43C8-BF01-8C1B9113E70D}.Debug|x86.ActiveCfg = Debug|Any CPU
		{FB0186F5-2417-43C8-BF01-8C1B9113E70D}.Debug|x86.Build.0 = Debug|Any CPU
		{FB0186F5-2417-43C8-BF01-8C1B9113E70D}.Release|Any CPU.ActiveCfg = Release|Any CPU
		{FB0186F5-2417-43C8-BF01-8C1B9113E70D}.Release|Any CPU.Build.0 = Release|Any CPU
		{FB0186F5-2417-43C8-BF01-8C1B9113E70D}.Release|x64.ActiveCfg = Release|Any CPU
		{FB0186F5-2417-43C8-BF01-8C1B9113E70D}.Release|x64.Build.0 = Release|Any CPU
		{FB0186F5-2417-43C8-BF01-8C1B9113E70D}.Release|x86.ActiveCfg = Release|Any CPU
		{FB0186F5-2417-43C8-BF01-8C1B9113E70D}.Release|x86.Build.0 = Release|Any CPU
		{A6FA6214-ECE1-47D0-8D1D-DAECF83EFF52}.Debug|Any CPU.ActiveCfg = Debug|Any CPU
		{A6FA6214-ECE1-47D0-8D1D-DAECF83EFF52}.Debug|Any CPU.Build.0 = Debug|Any CPU
		{A6FA6214-ECE1-47D0-8D1D-DAECF83EFF52}.Debug|x64.ActiveCfg = Debug|Any CPU
		{A6FA6214-ECE1-47D0-8D1D-DAECF83EFF52}.Debug|x64.Build.0 = Debug|Any CPU
		{A6FA6214-ECE1-47D0-8D1D-DAECF83EFF52}.Debug|x86.ActiveCfg = Debug|Any CPU
		{A6FA6214-ECE1-47D0-8D1D-DAECF83EFF52}.Debug|x86.Build.0 = Debug|Any CPU
		{A6FA6214-ECE1-47D0-8D1D-DAECF83EFF52}.Release|Any CPU.ActiveCfg = Release|Any CPU
		{A6FA6214-ECE1-47D0-8D1D-DAECF83EFF52}.Release|Any CPU.Build.0 = Release|Any CPU
		{A6FA6214-ECE1-47D0-8D1D-DAECF83EFF52}.Release|x64.ActiveCfg = Release|Any CPU
		{A6FA6214-ECE1-47D0-8D1D-DAECF83EFF52}.Release|x64.Build.0 = Release|Any CPU
		{A6FA6214-ECE1-47D0-8D1D-DAECF83EFF52}.Release|x86.ActiveCfg = Release|Any CPU
		{A6FA6214-ECE1-47D0-8D1D-DAECF83EFF52}.Release|x86.Build.0 = Release|Any CPU
		{2B25EBB8-D40B-47A3-B8CB-B4F93D248541}.Debug|Any CPU.ActiveCfg = Debug|Any CPU
		{2B25EBB8-D40B-47A3-B8CB-B4F93D248541}.Debug|Any CPU.Build.0 = Debug|Any CPU
		{2B25EBB8-D40B-47A3-B8CB-B4F93D248541}.Debug|x64.ActiveCfg = Debug|Any CPU
		{2B25EBB8-D40B-47A3-B8CB-B4F93D248541}.Debug|x64.Build.0 = Debug|Any CPU
		{2B25EBB8-D40B-47A3-B8CB-B4F93D248541}.Debug|x86.ActiveCfg = Debug|Any CPU
		{2B25EBB8-D40B-47A3-B8CB-B4F93D248541}.Debug|x86.Build.0 = Debug|Any CPU
		{2B25EBB8-D40B-47A3-B8CB-B4F93D248541}.Release|Any CPU.ActiveCfg = Release|Any CPU
		{2B25EBB8-D40B-47A3-B8CB-B4F93D248541}.Release|Any CPU.Build.0 = Release|Any CPU
		{2B25EBB8-D40B-47A3-B8CB-B4F93D248541}.Release|x64.ActiveCfg = Release|Any CPU
		{2B25EBB8-D40B-47A3-B8CB-B4F93D248541}.Release|x64.Build.0 = Release|Any CPU
		{2B25EBB8-D40B-47A3-B8CB-B4F93D248541}.Release|x86.ActiveCfg = Release|Any CPU
		{2B25EBB8-D40B-47A3-B8CB-B4F93D248541}.Release|x86.Build.0 = Release|Any CPU
	EndGlobalSection
	GlobalSection(SolutionProperties) = preSolution
		HideSolutionNode = FALSE
	EndGlobalSection
	GlobalSection(ExtensibilityGlobals) = postSolution
		SolutionGuid = {2FA761B5-FBBB-410D-838B-3FDC08469FC3}
	EndGlobalSection
EndGlobal
